
Microsoft Visual Studio Solution File, Format Version 12.00
# Visual Studio 15
VisualStudioVersion = 15.0.28307.1525
MinimumVisualStudioVersion = 10.0.40219.1
Project("{FAE04EC0-301F-11D3-BF4B-00C04F79EFBC}") = "Journal", "Journal\Journal.csproj", "{50546965-3E95-4FB9-B93A-3CB8B0AAB7BE}"
EndProject
Global
	GlobalSection(SolutionConfigurationPlatforms) = preSolution
		Debug|Any CPU = Debug|Any CPU
		Release|Any CPU = Release|Any CPU
	EndGlobalSection
	GlobalSection(ProjectConfigurationPlatforms) = postSolution
		{50546965-3E95-4FB9-B93A-3CB8B0AAB7BE}.Debug|Any CPU.ActiveCfg = Debug|Any CPU
		{50546965-3E95-4FB9-B93A-3CB8B0AAB7BE}.Debug|Any CPU.Build.0 = Debug|Any CPU
		{50546965-3E95-4FB9-B93A-3CB8B0AAB7BE}.Release|Any CPU.ActiveCfg = Release|Any CPU
		{50546965-3E95-4FB9-B93A-3CB8B0AAB7BE}.Release|Any CPU.Build.0 = Release|Any CPU
	EndGlobalSection
	GlobalSection(SolutionProperties) = preSolution
		HideSolutionNode = FALSE
	EndGlobalSection
	GlobalSection(ExtensibilityGlobals) = postSolution
		SolutionGuid = {D1522707-D0E4-4B65-85B7-FE85925269A5}
	EndGlobalSection
EndGlobal
